
Microsoft Visual Studio Solution File, Format Version 12.00
# Visual Studio Version 17
VisualStudioVersion = 17.12.35707.178 d17.12
MinimumVisualStudioVersion = 10.0.40219.1
Project("{FAE04EC0-301F-11D3-BF4B-00C04F79EFBC}") = "SimpleClient", "SimpleClient\SimpleClient.csproj", "{6AFEAFD4-EA38-4022-8C6C-F3FD806FDF4E}"
EndProject
Project("{FAE04EC0-301F-11D3-BF4B-00C04F79EFBC}") = "PizzaServer", "PizzaServer\PizzaServer.csproj", "{D8A2CAE2-380F-4B1A-8802-74742BC7392E}"
EndProject
Global
	GlobalSection(SolutionConfigurationPlatforms) = preSolution
		Debug|Any CPU = Debug|Any CPU
		Release|Any CPU = Release|Any CPU
	EndGlobalSection
	GlobalSection(ProjectConfigurationPlatforms) = postSolution
		{6AFEAFD4-EA38-4022-8C6C-F3FD806FDF4E}.Debug|Any CPU.ActiveCfg = Debug|Any CPU
		{6AFEAFD4-EA38-4022-8C6C-F3FD806FDF4E}.Debug|Any CPU.Build.0 = Debug|Any CPU
		{6AFEAFD4-EA38-4022-8C6C-F3FD806FDF4E}.Release|Any CPU.ActiveCfg = Release|Any CPU
		{6AFEAFD4-EA38-4022-8C6C-F3FD806FDF4E}.Release|Any CPU.Build.0 = Release|Any CPU
		{D8A2CAE2-380F-4B1A-8802-74742BC7392E}.Debug|Any CPU.ActiveCfg = Debug|Any CPU
		{D8A2CAE2-380F-4B1A-8802-74742BC7392E}.Debug|Any CPU.Build.0 = Debug|Any CPU
		{D8A2CAE2-380F-4B1A-8802-74742BC7392E}.Release|Any CPU.ActiveCfg = Release|Any CPU
		{D8A2CAE2-380F-4B1A-8802-74742BC7392E}.Release|Any CPU.Build.0 = Release|Any CPU
	EndGlobalSection
	GlobalSection(SolutionProperties) = preSolution
		HideSolutionNode = FALSE
	EndGlobalSection
EndGlobal
